// !$*UTF8*$!
{
	archiveVersion = 1;
	classes = {
	};
	objectVersion = 50;
	objects = {

/* Begin PBXBuildFile section */
		F51D6D9F242D1D7D003F7A3D /* WaveformLayerGenerator.swift in Sources */ = {isa = PBXBuildFile; fileRef = F51D6D9E242D1D7D003F7A3D /* WaveformLayerGenerator.swift */; };
		F577A7E0243C76F300CB6974 /* Assets.xcassets in Resources */ = {isa = PBXBuildFile; fileRef = F577A7DF243C76F200CB6974 /* Assets.xcassets */; };
		F577A7E2243C79D500CB6974 /* Track.mp3 in Resources */ = {isa = PBXBuildFile; fileRef = F577A7E1243C79D500CB6974 /* Track.mp3 */; };
		F596A445244DA1E3005DB4CE /* Track2.mp3 in Resources */ = {isa = PBXBuildFile; fileRef = F596A444244DA1E3005DB4CE /* Track2.mp3 */; };
		F5EF484224210CE8009AC44B /* AppDelegate.swift in Sources */ = {isa = PBXBuildFile; fileRef = F5EF484124210CE8009AC44B /* AppDelegate.swift */; };
		F5EF484424210CE8009AC44B /* ViewController.swift in Sources */ = {isa = PBXBuildFile; fileRef = F5EF484324210CE8009AC44B /* ViewController.swift */; };
		F5EF484724210CE8009AC44B /* Main.storyboard in Resources */ = {isa = PBXBuildFile; fileRef = F5EF484524210CE8009AC44B /* Main.storyboard */; };
		F5EF484C24210CEB009AC44B /* LaunchScreen.storyboard in Resources */ = {isa = PBXBuildFile; fileRef = F5EF484A24210CEB009AC44B /* LaunchScreen.storyboard */; };
		F5EF485724210CEB009AC44B /* WaveformTests.swift in Sources */ = {isa = PBXBuildFile; fileRef = F5EF485624210CEB009AC44B /* WaveformTests.swift */; };
		F5EF486224210CEB009AC44B /* WaveformUITests.swift in Sources */ = {isa = PBXBuildFile; fileRef = F5EF486124210CEB009AC44B /* WaveformUITests.swift */; };
		F5EF487024210D31009AC44B /* WaveformProcessor.swift in Sources */ = {isa = PBXBuildFile; fileRef = F5EF486F24210D31009AC44B /* WaveformProcessor.swift */; };
/* End PBXBuildFile section */

/* Begin PBXContainerItemProxy section */
		F5EF485324210CEB009AC44B /* PBXContainerItemProxy */ = {
			isa = PBXContainerItemProxy;
			containerPortal = F5EF483624210CE8009AC44B /* Project object */;
			proxyType = 1;
			remoteGlobalIDString = F5EF483D24210CE8009AC44B;
			remoteInfo = Waveform;
		};
		F5EF485E24210CEB009AC44B /* PBXContainerItemProxy */ = {
			isa = PBXContainerItemProxy;
			containerPortal = F5EF483624210CE8009AC44B /* Project object */;
			proxyType = 1;
			remoteGlobalIDString = F5EF483D24210CE8009AC44B;
			remoteInfo = Waveform;
		};
/* End PBXContainerItemProxy section */

/* Begin PBXFileReference section */
		F51D6D9E242D1D7D003F7A3D /* WaveformLayerGenerator.swift */ = {isa = PBXFileReference; lastKnownFileType = sourcecode.swift; path = WaveformLayerGenerator.swift; sourceTree = "<group>"; };
		F577A7DF243C76F200CB6974 /* Assets.xcassets */ = {isa = PBXFileReference; lastKnownFileType = folder.assetcatalog; path = Assets.xcassets; sourceTree = "<group>"; };
		F577A7E1243C79D500CB6974 /* Track.mp3 */ = {isa = PBXFileReference; lastKnownFileType = audio.mp3; path = Track.mp3; sourceTree = "<group>"; };
		F596A444244DA1E3005DB4CE /* Track2.mp3 */ = {isa = PBXFileReference; lastKnownFileType = audio.mp3; path = Track2.mp3; sourceTree = "<group>"; };
		F5EF483E24210CE8009AC44B /* Waveform.app */ = {isa = PBXFileReference; explicitFileType = wrapper.application; includeInIndex = 0; path = Waveform.app; sourceTree = BUILT_PRODUCTS_DIR; };
		F5EF484124210CE8009AC44B /* AppDelegate.swift */ = {isa = PBXFileReference; lastKnownFileType = sourcecode.swift; path = AppDelegate.swift; sourceTree = "<group>"; };
		F5EF484324210CE8009AC44B /* ViewController.swift */ = {isa = PBXFileReference; lastKnownFileType = sourcecode.swift; path = ViewController.swift; sourceTree = "<group>"; };
		F5EF484624210CE8009AC44B /* Base */ = {isa = PBXFileReference; lastKnownFileType = file.storyboard; name = Base; path = Base.lproj/Main.storyboard; sourceTree = "<group>"; };
		F5EF484B24210CEB009AC44B /* Base */ = {isa = PBXFileReference; lastKnownFileType = file.storyboard; name = Base; path = Base.lproj/LaunchScreen.storyboard; sourceTree = "<group>"; };
		F5EF484D24210CEB009AC44B /* Info.plist */ = {isa = PBXFileReference; lastKnownFileType = text.plist.xml; path = Info.plist; sourceTree = "<group>"; };
		F5EF485224210CEB009AC44B /* WaveformTests.xctest */ = {isa = PBXFileReference; explicitFileType = wrapper.cfbundle; includeInIndex = 0; path = WaveformTests.xctest; sourceTree = BUILT_PRODUCTS_DIR; };
		F5EF485624210CEB009AC44B /* WaveformTests.swift */ = {isa = PBXFileReference; lastKnownFileType = sourcecode.swift; path = WaveformTests.swift; sourceTree = "<group>"; };
		F5EF485824210CEB009AC44B /* Info.plist */ = {isa = PBXFileReference; lastKnownFileType = text.plist.xml; path = Info.plist; sourceTree = "<group>"; };
		F5EF485D24210CEB009AC44B /* WaveformUITests.xctest */ = {isa = PBXFileReference; explicitFileType = wrapper.cfbundle; includeInIndex = 0; path = WaveformUITests.xctest; sourceTree = BUILT_PRODUCTS_DIR; };
		F5EF486124210CEB009AC44B /* WaveformUITests.swift */ = {isa = PBXFileReference; lastKnownFileType = sourcecode.swift; path = WaveformUITests.swift; sourceTree = "<group>"; };
		F5EF486324210CEB009AC44B /* Info.plist */ = {isa = PBXFileReference; lastKnownFileType = text.plist.xml; path = Info.plist; sourceTree = "<group>"; };
		F5EF486F24210D31009AC44B /* WaveformProcessor.swift */ = {isa = PBXFileReference; lastKnownFileType = sourcecode.swift; path = WaveformProcessor.swift; sourceTree = "<group>"; };
/* End PBXFileReference section */

/* Begin PBXFrameworksBuildPhase section */
		F5EF483B24210CE8009AC44B /* Frameworks */ = {
			isa = PBXFrameworksBuildPhase;
			buildActionMask = 2147483647;
			files = (
			);
			runOnlyForDeploymentPostprocessing = 0;
		};
		F5EF484F24210CEB009AC44B /* Frameworks */ = {
			isa = PBXFrameworksBuildPhase;
			buildActionMask = 2147483647;
			files = (
			);
			runOnlyForDeploymentPostprocessing = 0;
		};
		F5EF485A24210CEB009AC44B /* Frameworks */ = {
			isa = PBXFrameworksBuildPhase;
			buildActionMask = 2147483647;
			files = (
			);
			runOnlyForDeploymentPostprocessing = 0;
		};
/* End PBXFrameworksBuildPhase section */

/* Begin PBXGroup section */
		F5EF483524210CE8009AC44B = {
			isa = PBXGroup;
			children = (
				F577A7E1243C79D500CB6974 /* Track.mp3 */,
				F596A444244DA1E3005DB4CE /* Track2.mp3 */,
				F5EF484024210CE8009AC44B /* Waveform */,
				F5EF485524210CEB009AC44B /* WaveformTests */,
				F5EF486024210CEB009AC44B /* WaveformUITests */,
				F5EF483F24210CE8009AC44B /* Products */,
			);
			sourceTree = "<group>";
		};
		F5EF483F24210CE8009AC44B /* Products */ = {
			isa = PBXGroup;
			children = (
				F5EF483E24210CE8009AC44B /* Waveform.app */,
				F5EF485224210CEB009AC44B /* WaveformTests.xctest */,
				F5EF485D24210CEB009AC44B /* WaveformUITests.xctest */,
			);
			name = Products;
			sourceTree = "<group>";
		};
		F5EF484024210CE8009AC44B /* Waveform */ = {
			isa = PBXGroup;
			children = (
				F5EF484124210CE8009AC44B /* AppDelegate.swift */,
				F5EF484324210CE8009AC44B /* ViewController.swift */,
				F5EF486F24210D31009AC44B /* WaveformProcessor.swift */,
				F51D6D9E242D1D7D003F7A3D /* WaveformLayerGenerator.swift */,
				F5EF484524210CE8009AC44B /* Main.storyboard */,
				F5EF484A24210CEB009AC44B /* LaunchScreen.storyboard */,
				F5EF484D24210CEB009AC44B /* Info.plist */,
				F577A7DF243C76F200CB6974 /* Assets.xcassets */,
			);
			path = Waveform;
			sourceTree = "<group>";
		};
		F5EF485524210CEB009AC44B /* WaveformTests */ = {
			isa = PBXGroup;
			children = (
				F5EF485624210CEB009AC44B /* WaveformTests.swift */,
				F5EF485824210CEB009AC44B /* Info.plist */,
			);
			path = WaveformTests;
			sourceTree = "<group>";
		};
		F5EF486024210CEB009AC44B /* WaveformUITests */ = {
			isa = PBXGroup;
			children = (
				F5EF486124210CEB009AC44B /* WaveformUITests.swift */,
				F5EF486324210CEB009AC44B /* Info.plist */,
			);
			path = WaveformUITests;
			sourceTree = "<group>";
		};
/* End PBXGroup section */

/* Begin PBXNativeTarget section */
		F5EF483D24210CE8009AC44B /* Waveform */ = {
			isa = PBXNativeTarget;
			buildConfigurationList = F5EF486624210CEB009AC44B /* Build configuration list for PBXNativeTarget "Waveform" */;
			buildPhases = (
				F5EF483A24210CE8009AC44B /* Sources */,
				F5EF483B24210CE8009AC44B /* Frameworks */,
				F5EF483C24210CE8009AC44B /* Resources */,
			);
			buildRules = (
			);
			dependencies = (
			);
			name = Waveform;
			productName = Waveform;
			productReference = F5EF483E24210CE8009AC44B /* Waveform.app */;
			productType = "com.apple.product-type.application";
		};
		F5EF485124210CEB009AC44B /* WaveformTests */ = {
			isa = PBXNativeTarget;
			buildConfigurationList = F5EF486924210CEB009AC44B /* Build configuration list for PBXNativeTarget "WaveformTests" */;
			buildPhases = (
				F5EF484E24210CEB009AC44B /* Sources */,
				F5EF484F24210CEB009AC44B /* Frameworks */,
				F5EF485024210CEB009AC44B /* Resources */,
			);
			buildRules = (
			);
			dependencies = (
				F5EF485424210CEB009AC44B /* PBXTargetDependency */,
			);
			name = WaveformTests;
			productName = WaveformTests;
			productReference = F5EF485224210CEB009AC44B /* WaveformTests.xctest */;
			productType = "com.apple.product-type.bundle.unit-test";
		};
		F5EF485C24210CEB009AC44B /* WaveformUITests */ = {
			isa = PBXNativeTarget;
			buildConfigurationList = F5EF486C24210CEB009AC44B /* Build configuration list for PBXNativeTarget "WaveformUITests" */;
			buildPhases = (
				F5EF485924210CEB009AC44B /* Sources */,
				F5EF485A24210CEB009AC44B /* Frameworks */,
				F5EF485B24210CEB009AC44B /* Resources */,
			);
			buildRules = (
			);
			dependencies = (
				F5EF485F24210CEB009AC44B /* PBXTargetDependency */,
			);
			name = WaveformUITests;
			productName = WaveformUITests;
			productReference = F5EF485D24210CEB009AC44B /* WaveformUITests.xctest */;
			productType = "com.apple.product-type.bundle.ui-testing";
		};
/* End PBXNativeTarget section */

/* Begin PBXProject section */
		F5EF483624210CE8009AC44B /* Project object */ = {
			isa = PBXProject;
			attributes = {
				LastSwiftUpdateCheck = 1010;
				LastUpgradeCheck = 1010;
				ORGANIZATIONNAME = Frankie;
				TargetAttributes = {
					F5EF483D24210CE8009AC44B = {
						CreatedOnToolsVersion = 10.1;
					};
					F5EF485124210CEB009AC44B = {
						CreatedOnToolsVersion = 10.1;
						TestTargetID = F5EF483D24210CE8009AC44B;
					};
					F5EF485C24210CEB009AC44B = {
						CreatedOnToolsVersion = 10.1;
						TestTargetID = F5EF483D24210CE8009AC44B;
					};
				};
			};
			buildConfigurationList = F5EF483924210CE8009AC44B /* Build configuration list for PBXProject "Waveform" */;
			compatibilityVersion = "Xcode 9.3";
			developmentRegion = en;
			hasScannedForEncodings = 0;
			knownRegions = (
				en,
				Base,
			);
			mainGroup = F5EF483524210CE8009AC44B;
			productRefGroup = F5EF483F24210CE8009AC44B /* Products */;
			projectDirPath = "";
			projectRoot = "";
			targets = (
				F5EF483D24210CE8009AC44B /* Waveform */,
				F5EF485124210CEB009AC44B /* WaveformTests */,
				F5EF485C24210CEB009AC44B /* WaveformUITests */,
			);
		};
/* End PBXProject section */

/* Begin PBXResourcesBuildPhase section */
		F5EF483C24210CE8009AC44B /* Resources */ = {
			isa = PBXResourcesBuildPhase;
			buildActionMask = 2147483647;
			files = (
				F596A445244DA1E3005DB4CE /* Track2.mp3 in Resources */,
				F577A7E2243C79D500CB6974 /* Track.mp3 in Resources */,
				F5EF484C24210CEB009AC44B /* LaunchScreen.storyboard in Resources */,
				F577A7E0243C76F300CB6974 /* Assets.xcassets in Resources */,
				F5EF484724210CE8009AC44B /* Main.storyboard in Resources */,
			);
			runOnlyForDeploymentPostprocessing = 0;
		};
		F5EF485024210CEB009AC44B /* Resources */ = {
			isa = PBXResourcesBuildPhase;
			buildActionMask = 2147483647;
			files = (
			);
			runOnlyForDeploymentPostprocessing = 0;
		};
		F5EF485B24210CEB009AC44B /* Resources */ = {
			isa = PBXResourcesBuildPhase;
			buildActionMask = 2147483647;
			files = (
			);
			runOnlyForDeploymentPostprocessing = 0;
		};
/* End PBXResourcesBuildPhase section */

/* Begin PBXSourcesBuildPhase section */
		F5EF483A24210CE8009AC44B /* Sources */ = {
			isa = PBXSourcesBuildPhase;
			buildActionMask = 2147483647;
			files = (
				F5EF484424210CE8009AC44B /* ViewController.swift in Sources */,
				F5EF484224210CE8009AC44B /* AppDelegate.swift in Sources */,
				F51D6D9F242D1D7D003F7A3D /* WaveformLayerGenerator.swift in Sources */,
				F5EF487024210D31009AC44B /* WaveformProcessor.swift in Sources */,
			);
			runOnlyForDeploymentPostprocessing = 0;
		};
		F5EF484E24210CEB009AC44B /* Sources */ = {
			isa = PBXSourcesBuildPhase;
			buildActionMask = 2147483647;
			files = (
				F5EF485724210CEB009AC44B /* WaveformTests.swift in Sources */,
			);
			runOnlyForDeploymentPostprocessing = 0;
		};
		F5EF485924210CEB009AC44B /* Sources */ = {
			isa = PBXSourcesBuildPhase;
			buildActionMask = 2147483647;
			files = (
				F5EF486224210CEB009AC44B /* WaveformUITests.swift in Sources */,
			);
			runOnlyForDeploymentPostprocessing = 0;
		};
/* End PBXSourcesBuildPhase section */

/* Begin PBXTargetDependency section */
		F5EF485424210CEB009AC44B /* PBXTargetDependency */ = {
			isa = PBXTargetDependency;
			target = F5EF483D24210CE8009AC44B /* Waveform */;
			targetProxy = F5EF485324210CEB009AC44B /* PBXContainerItemProxy */;
		};
		F5EF485F24210CEB009AC44B /* PBXTargetDependency */ = {
			isa = PBXTargetDependency;
			target = F5EF483D24210CE8009AC44B /* Waveform */;
			targetProxy = F5EF485E24210CEB009AC44B /* PBXContainerItemProxy */;
		};
/* End PBXTargetDependency section */

/* Begin PBXVariantGroup section */
		F5EF484524210CE8009AC44B /* Main.storyboard */ = {
			isa = PBXVariantGroup;
			children = (
				F5EF484624210CE8009AC44B /* Base */,
			);
			name = Main.storyboard;
			sourceTree = "<group>";
		};
		F5EF484A24210CEB009AC44B /* LaunchScreen.storyboard */ = {
			isa = PBXVariantGroup;
			children = (
				F5EF484B24210CEB009AC44B /* Base */,
			);
			name = LaunchScreen.storyboard;
			sourceTree = "<group>";
		};
/* End PBXVariantGroup section */

/* Begin XCBuildConfiguration section */
		F5EF486424210CEB009AC44B /* Debug */ = {
			isa = XCBuildConfiguration;
			buildSettings = {
				ALWAYS_SEARCH_USER_PATHS = NO;
				CLANG_ANALYZER_NONNULL = YES;
				CLANG_ANALYZER_NUMBER_OBJECT_CONVERSION = YES_AGGRESSIVE;
				CLANG_CXX_LANGUAGE_STANDARD = "gnu++14";
				CLANG_CXX_LIBRARY = "libc++";
				CLANG_ENABLE_MODULES = YES;
				CLANG_ENABLE_OBJC_ARC = YES;
				CLANG_ENABLE_OBJC_WEAK = YES;
				CLANG_WARN_BLOCK_CAPTURE_AUTORELEASING = YES;
				CLANG_WARN_BOOL_CONVERSION = YES;
				CLANG_WARN_COMMA = YES;
				CLANG_WARN_CONSTANT_CONVERSION = YES;
				CLANG_WARN_DEPRECATED_OBJC_IMPLEMENTATIONS = YES;
				CLANG_WARN_DIRECT_OBJC_ISA_USAGE = YES_ERROR;
				CLANG_WARN_DOCUMENTATION_COMMENTS = YES;
				CLANG_WARN_EMPTY_BODY = YES;
				CLANG_WARN_ENUM_CONVERSION = YES;
				CLANG_WARN_INFINITE_RECURSION = YES;
				CLANG_WARN_INT_CONVERSION = YES;
				CLANG_WARN_NON_LITERAL_NULL_CONVERSION = YES;
				CLANG_WARN_OBJC_IMPLICIT_RETAIN_SELF = YES;
				CLANG_WARN_OBJC_LITERAL_CONVERSION = YES;
				CLANG_WARN_OBJC_ROOT_CLASS = YES_ERROR;
				CLANG_WARN_RANGE_LOOP_ANALYSIS = YES;
				CLANG_WARN_STRICT_PROTOTYPES = YES;
				CLANG_WARN_SUSPICIOUS_MOVE = YES;
				CLANG_WARN_UNGUARDED_AVAILABILITY = YES_AGGRESSIVE;
				CLANG_WARN_UNREACHABLE_CODE = YES;
				CLANG_WARN__DUPLICATE_METHOD_MATCH = YES;
				CODE_SIGN_IDENTITY = "iPhone Developer";
				COPY_PHASE_STRIP = NO;
				DEBUG_INFORMATION_FORMAT = dwarf;
				ENABLE_STRICT_OBJC_MSGSEND = YES;
				ENABLE_TESTABILITY = YES;
				GCC_C_LANGUAGE_STANDARD = gnu11;
				GCC_DYNAMIC_NO_PIC = NO;
				GCC_NO_COMMON_BLOCKS = YES;
				GCC_OPTIMIZATION_LEVEL = 0;
				GCC_PREPROCESSOR_DEFINITIONS = (
					"DEBUG=1",
					"$(inherited)",
				);
				GCC_WARN_64_TO_32_BIT_CONVERSION = YES;
				GCC_WARN_ABOUT_RETURN_TYPE = YES_ERROR;
				GCC_WARN_UNDECLARED_SELECTOR = YES;
				GCC_WARN_UNINITIALIZED_AUTOS = YES_AGGRESSIVE;
				GCC_WARN_UNUSED_FUNCTION = YES;
				GCC_WARN_UNUSED_VARIABLE = YES;
				IPHONEOS_DEPLOYMENT_TARGET = 12.1;
				MTL_ENABLE_DEBUG_INFO = INCLUDE_SOURCE;
				MTL_FAST_MATH = YES;
				ONLY_ACTIVE_ARCH = YES;
				SDKROOT = iphoneos;
				SWIFT_ACTIVE_COMPILATION_CONDITIONS = DEBUG;
				SWIFT_OPTIMIZATION_LEVEL = "-Onone";
			};
			name = Debug;
		};
		F5EF486524210CEB009AC44B /* Release */ = {
			isa = XCBuildConfiguration;
			buildSettings = {
				ALWAYS_SEARCH_USER_PATHS = NO;
				CLANG_ANALYZER_NONNULL = YES;
				CLANG_ANALYZER_NUMBER_OBJECT_CONVERSION = YES_AGGRESSIVE;
				CLANG_CXX_LANGUAGE_STANDARD = "gnu++14";
				CLANG_CXX_LIBRARY = "libc++";
				CLANG_ENABLE_MODULES = YES;
				CLANG_ENABLE_OBJC_ARC = YES;
				CLANG_ENABLE_OBJC_WEAK = YES;
				CLANG_WARN_BLOCK_CAPTURE_AUTORELEASING = YES;
				CLANG_WARN_BOOL_CONVERSION = YES;
				CLANG_WARN_COMMA = YES;
				CLANG_WARN_CONSTANT_CONVERSION = YES;
				CLANG_WARN_DEPRECATED_OBJC_IMPLEMENTATIONS = YES;
				CLANG_WARN_DIRECT_OBJC_ISA_USAGE = YES_ERROR;
				CLANG_WARN_DOCUMENTATION_COMMENTS = YES;
				CLANG_WARN_EMPTY_BODY = YES;
				CLANG_WARN_ENUM_CONVERSION = YES;
				CLANG_WARN_INFINITE_RECURSION = YES;
				CLANG_WARN_INT_CONVERSION = YES;
				CLANG_WARN_NON_LITERAL_NULL_CONVERSION = YES;
				CLANG_WARN_OBJC_IMPLICIT_RETAIN_SELF = YES;
				CLANG_WARN_OBJC_LITERAL_CONVERSION = YES;
				CLANG_WARN_OBJC_ROOT_CLASS = YES_ERROR;
				CLANG_WARN_RANGE_LOOP_ANALYSIS = YES;
				CLANG_WARN_STRICT_PROTOTYPES = YES;
				CLANG_WARN_SUSPICIOUS_MOVE = YES;
				CLANG_WARN_UNGUARDED_AVAILABILITY = YES_AGGRESSIVE;
				CLANG_WARN_UNREACHABLE_CODE = YES;
				CLANG_WARN__DUPLICATE_METHOD_MATCH = YES;
				CODE_SIGN_IDENTITY = "iPhone Developer";
				COPY_PHASE_STRIP = NO;
				DEBUG_INFORMATION_FORMAT = "dwarf-with-dsym";
				ENABLE_NS_ASSERTIONS = NO;
				ENABLE_STRICT_OBJC_MSGSEND = YES;
				GCC_C_LANGUAGE_STANDARD = gnu11;
				GCC_NO_COMMON_BLOCKS = YES;
				GCC_WARN_64_TO_32_BIT_CONVERSION = YES;
				GCC_WARN_ABOUT_RETURN_TYPE = YES_ERROR;
				GCC_WARN_UNDECLARED_SELECTOR = YES;
				GCC_WARN_UNINITIALIZED_AUTOS = YES_AGGRESSIVE;
				GCC_WARN_UNUSED_FUNCTION = YES;
				GCC_WARN_UNUSED_VARIABLE = YES;
				IPHONEOS_DEPLOYMENT_TARGET = 12.1;
				MTL_ENABLE_DEBUG_INFO = NO;
				MTL_FAST_MATH = YES;
				SDKROOT = iphoneos;
				SWIFT_COMPILATION_MODE = wholemodule;
				SWIFT_OPTIMIZATION_LEVEL = "-O";
				VALIDATE_PRODUCT = YES;
			};
			name = Release;
		};
		F5EF486724210CEB009AC44B /* Debug */ = {
			isa = XCBuildConfiguration;
			buildSettings = {
				ASSETCATALOG_COMPILER_APPICON_NAME = AppIcon;
				CODE_SIGN_STYLE = Automatic;
				DEVELOPMENT_TEAM = RDUN59BZKF;
				INFOPLIST_FILE = Waveform/Info.plist;
				IPHONEOS_DEPLOYMENT_TARGET = 9.2;
				LD_RUNPATH_SEARCH_PATHS = (
					"$(inherited)",
					"@executable_path/Frameworks",
				);
				PRODUCT_BUNDLE_IDENTIFIER = Frankie.Waveform;
				PRODUCT_NAME = "$(TARGET_NAME)";
				SWIFT_VERSION = 4.2;
				TARGETED_DEVICE_FAMILY = "1,2";
			};
			name = Debug;
		};
		F5EF486824210CEB009AC44B /* Release */ = {
			isa = XCBuildConfiguration;
			buildSettings = {
				ASSETCATALOG_COMPILER_APPICON_NAME = AppIcon;
				CODE_SIGN_STYLE = Automatic;
				DEVELOPMENT_TEAM = RDUN59BZKF;
				INFOPLIST_FILE = Waveform/Info.plist;
				IPHONEOS_DEPLOYMENT_TARGET = 9.2;
				LD_RUNPATH_SEARCH_PATHS = (
					"$(inherited)",
					"@executable_path/Frameworks",
				);
				PRODUCT_BUNDLE_IDENTIFIER = Frankie.Waveform;
				PRODUCT_NAME = "$(TARGET_NAME)";
				SWIFT_VERSION = 4.2;
				TARGETED_DEVICE_FAMILY = "1,2";
			};
			name = Release;
		};
		F5EF486A24210CEB009AC44B /* Debug */ = {
			isa = XCBuildConfiguration;
			buildSettings = {
				ALWAYS_EMBED_SWIFT_STANDARD_LIBRARIES = YES;
				BUNDLE_LOADER = "$(TEST_HOST)";
				CODE_SIGN_STYLE = Automatic;
				INFOPLIST_FILE = WaveformTests/Info.plist;
				LD_RUNPATH_SEARCH_PATHS = (
					"$(inherited)",
					"@executable_path/Frameworks",
					"@loader_path/Frameworks",
				);
				PRODUCT_BUNDLE_IDENTIFIER = Frankie.WaveformTests;
				PRODUCT_NAME = "$(TARGET_NAME)";
				SWIFT_VERSION = 4.2;
				TARGETED_DEVICE_FAMILY = "1,2";
				TEST_HOST = "$(BUILT_PRODUCTS_DIR)/Waveform.app/Waveform";
			};
			name = Debug;
		};
		F5EF486B24210CEB009AC44B /* Release */ = {
			isa = XCBuildConfiguration;
			buildSettings = {
				ALWAYS_EMBED_SWIFT_STANDARD_LIBRARIES = YES;
				BUNDLE_LOADER = "$(TEST_HOST)";
				CODE_SIGN_STYLE = Automatic;
				INFOPLIST_FILE = WaveformTests/Info.plist;
				LD_RUNPATH_SEARCH_PATHS = (
					"$(inherited)",
					"@executable_path/Frameworks",
					"@loader_path/Frameworks",
				);
				PRODUCT_BUNDLE_IDENTIFIER = Frankie.WaveformTests;
				PRODUCT_NAME = "$(TARGET_NAME)";
				SWIFT_VERSION = 4.2;
				TARGETED_DEVICE_FAMILY = "1,2";
				TEST_HOST = "$(BUILT_PRODUCTS_DIR)/Waveform.app/Waveform";
			};
			name = Release;
		};
		F5EF486D24210CEB009AC44B /* Debug */ = {
			isa = XCBuildConfiguration;
			buildSettings = {
				ALWAYS_EMBED_SWIFT_STANDARD_LIBRARIES = YES;
				CODE_SIGN_STYLE = Automatic;
				INFOPLIST_FILE = WaveformUITests/Info.plist;
				LD_RUNPATH_SEARCH_PATHS = (
					"$(inherited)",
					"@executable_path/Frameworks",
					"@loader_path/Frameworks",
				);
				PRODUCT_BUNDLE_IDENTIFIER = Frankie.WaveformUITests;
				PRODUCT_NAME = "$(TARGET_NAME)";
				SWIFT_VERSION = 4.2;
				TARGETED_DEVICE_FAMILY = "1,2";
				TEST_TARGET_NAME = Waveform;
			};
			name = Debug;
		};
		F5EF486E24210CEB009AC44B /* Release */ = {
			isa = XCBuildConfiguration;
			buildSettings = {
				ALWAYS_EMBED_SWIFT_STANDARD_LIBRARIES = YES;
				CODE_SIGN_STYLE = Automatic;
				INFOPLIST_FILE = WaveformUITests/Info.plist;
				LD_RUNPATH_SEARCH_PATHS = (
					"$(inherited)",
					"@executable_path/Frameworks",
					"@loader_path/Frameworks",
				);
				PRODUCT_BUNDLE_IDENTIFIER = Frankie.WaveformUITests;
				PRODUCT_NAME = "$(TARGET_NAME)";
				SWIFT_VERSION = 4.2;
				TARGETED_DEVICE_FAMILY = "1,2";
				TEST_TARGET_NAME = Waveform;
			};
			name = Release;
		};
/* End XCBuildConfiguration section */

/* Begin XCConfigurationList section */
		F5EF483924210CE8009AC44B /* Build configuration list for PBXProject "Waveform" */ = {
			isa = XCConfigurationList;
			buildConfigurations = (
				F5EF486424210CEB009AC44B /* Debug */,
				F5EF486524210CEB009AC44B /* Release */,
			);
			defaultConfigurationIsVisible = 0;
			defaultConfigurationName = Release;
		};
		F5EF486624210CEB009AC44B /* Build configuration list for PBXNativeTarget "Waveform" */ = {
			isa = XCConfigurationList;
			buildConfigurations = (
				F5EF486724210CEB009AC44B /* Debug */,
				F5EF486824210CEB009AC44B /* Release */,
			);
			defaultConfigurationIsVisible = 0;
			defaultConfigurationName = Release;
		};
		F5EF486924210CEB009AC44B /* Build configuration list for PBXNativeTarget "WaveformTests" */ = {
			isa = XCConfigurationList;
			buildConfigurations = (
				F5EF486A24210CEB009AC44B /* Debug */,
				F5EF486B24210CEB009AC44B /* Release */,
			);
			defaultConfigurationIsVisible = 0;
			defaultConfigurationName = Release;
		};
		F5EF486C24210CEB009AC44B /* Build configuration list for PBXNativeTarget "WaveformUITests" */ = {
			isa = XCConfigurationList;
			buildConfigurations = (
				F5EF486D24210CEB009AC44B /* Debug */,
				F5EF486E24210CEB009AC44B /* Release */,
			);
			defaultConfigurationIsVisible = 0;
			defaultConfigurationName = Release;
		};
/* End XCConfigurationList section */
	};
	rootObject = F5EF483624210CE8009AC44B /* Project object */;
}
